github.com/bigstepinc/metal-cloud-sdk-go v0.0.0-20191030212050-cecc8bf0fc6d h1:8iUK5V+lstanPZ3HN9GMLpalN9sG/ILRmAqq8K5vPDk=
github.com/bigstepinc/metal-cloud-sdk-go v0.0.0-20191030212050-cecc8bf0fc6d/go.mod h1:azxXXG6UPYs49ZEXqcC1GeYdSBe1R5Wbg7Xgmntb5Jk=
github.com/bigstepinc/metal-cloud-sdk-go v0.0.0-20191102224153-7a83f02de169 h1:B+L8/BN5z5mZZK0kouxa46w18aNqSSJ04r91+x1nyjg=
github.com/bigstepinc/metal-cloud-sdk-go v0.0.0-20191102224153-7a83f02de169/go.mod h1:azxXXG6UPYs49ZEXqcC1GeYdSBe1R5Wbg7Xgmntb5Jk=
github.com/bigstepinc/metal-cloud-sdk-go v0.0.0-20191102224552-b8b3463737b3 h1:d7mM5/YGxZqBGqID3k+GtyAm+JqwvLFiCkeoJ5Gh3/I=
github.com/bigstepinc/metal-cloud-sdk-go v0.0.0-20191102224552-b8b3463737b3/go.mod h1:azxXXG6UPYs49ZEXqcC1GeYdSBe1R5Wbg7Xgmntb5Jk=
github.com/bigstepinc/metal-cloud-sdk-go v0.0.0-20191102230245-c2aeb76c5c37 h1:jTA/2qCe2N8AFlOYc2l51zkB+OOZVDvazd+Qy1eLVYE=
github.com/bigstepinc/metal-cloud-sdk-go v0.0.0-20191102230245-c2aeb76c5c37/go.mod h1:azxXXG6UPYs49ZEXqcC1GeYdSBe1R5Wbg7Xgmntb5Jk=
github.com/bigstepinc/metal-cloud-sdk-go v0.0.0-20191103114543-a3e6960d0a2e h1:7cpwk7kpyoUPtKyzVt7lEuEIvWwjVTTrW4E2Wvv+ZzU=
github.com/bigstepinc/metal-cloud-sdk-go v0.0.0-20191103114543-a3e6960d0a2e/go.mod h1:azxXXG6UPYs49ZEXqcC1GeYdSBe1R5Wbg7Xgmntb5Jk=
github.com/bigstepinc/metal-cloud-sdk-go v0.0.0-20191103125045-cea1547249e5 h1:VrdB874bpDFkPLYG3k+XBGOiH92uaaG9wg6ulHtZpLk=
github.com/bigstepinc/metal-cloud-sdk-go v0.0.0-20191103125045-cea1547249e5/go.mod h1:azxXXG6UPYs49ZEXqcC1GeYdSBe1R5Wbg7Xgmntb5Jk=
github.com/bigstepinc/metal-cloud-sdk-go v0.0.0-20191104123125-712ec3bd67d7 h1:nQxgdmA5dk5z1JEiEV09TGNzAEwi+CRxk9KkGKJYWVM=
github.com/bigstepinc/metal-cloud-sdk-go v0.0.0-20191104123125-712ec3bd67d7/go.mod h1:azxXXG6UPYs49ZEXqcC1GeYdSBe1R5Wbg7Xgmntb5Jk=
github.com/davecgh/go-spew v1.1.1/go.mod h1:J7Y8YcW2NihsgmVo/mv3lAwl/skON4iLHjSsI+c5H38=
github.com/fsnotify/fsnotify v1.4.7/go.mod h1:jwhsz4b93w/PPRr/qN1Yymfu8t87LnFCMoQvtojpjFo=
github.com/golang/mock v1.3.1/go.mod h1:sBzyDLLjw3U8JLTeZvSv8jJB+tU5PVekmnlKIyFUx0Y=
github.com/golang/protobuf v1.2.0/go.mod h1:6lQm79b+lXiMfvg/cZm0SGofjICqVBUtrP5yJMmIC1U=
github.com/golang/protobuf v1.3.2/go.mod h1:6lQm79b+lXiMfvg/cZm0SGofjICqVBUtrP5yJMmIC1U=
github.com/google/go-cmp v0.3.1/go.mod h1:8QqcDgzrUqlUb/G2PQTWiueGozuR1884gddMywk6iLU=
github.com/hpcloud/tail v1.0.0/go.mod h1:ab1qPbhIpdTxEkNHXyeSf5vhxWSCs/tWer42PpOxQnU=
github.com/jessevdk/go-flags v1.4.1-0.20181029123624-5de817a9aa20 h1:dAOsPLhnBzIyxu0VvmnKjlNcIlgMK+erD6VRHDtweMI=
github.com/jessevdk/go-flags v1.4.1-0.20181029123624-5de817a9aa20/go.mod h1:4FA24M0QyGHXBuZZK/XkWh8h0e1EYbRYJSGM75WSRxI=
github.com/onsi/ginkgo v1.6.0/go.mod h1:lLunBs/Ym6LB5Z9jYTR76FiuTmxDTDusOGeTQH+WWjE=
github.com/onsi/ginkgo v1.10.3/go.mod h1:lLunBs/Ym6LB5Z9jYTR76FiuTmxDTDusOGeTQH+WWjE=
github.com/onsi/gomega v1.7.0/go.mod h1:ex+gbHU/CVuBBDIJjb2X0qEXbFg53c61hWP/1CpauHY=
github.com/onsi/gomega v1.7.1 h1:K0jcRCwNQM3vFGh1ppMtDh/+7ApJrjldlX8fA0jDTLQ=
github.com/onsi/gomega v1.7.1/go.mod h1:XdKZgCCFLUoM/7CFJVPcG8C1xQ1AJ0vpAezJrB7JYyY=
github.com/pmezard/go-difflib v1.0.0/go.mod h1:iKH77koFhYxTK1pcRnkKkqfTogsbg7gZNVY4sRDYZ/4=
github.com/stretchr/testify v1.2.2/go.mod h1:a8OnRcib4nhh0OaRAV+Yts87kKdq0PP7pXfy6kDkUVs=
github.com/vburenin/ifacemaker v1.1.0 h1:3ScCGZ+D65Ud9L0x9ofhN0dk5QrfauzMWYfaYsfA+HE=
github.com/vburenin/ifacemaker v1.1.0/go.mod h1:SlS6qpTccQsoK3ln7mBkUxA4agA8wfPr/IFYqBWerPw=
github.com/ybbus/jsonrpc v2.1.2+incompatible/go.mod h1:XJrh1eMSzdIYFbM08flv0wp5G35eRniyeGut1z+LSiE=
golang.org/x/crypto v0.0.0-20190308221718-c2843e01d9a2/go.mod h1:djNgcEr1/C05ACkg1iLfiJU5Ep61QUkGW8qpdssI0+w=
golang.org/x/crypto v0.0.0-20191029031824-8986dd9e96cf/go.mod h1:LzIPMQfyMNhhGPhUkYOs5KpL4U8rLKemX1yGLhDgUto=
golang.org/x/net v0.0.0-20180906233101-161cd47e91fd h1:nTDtHvHSdCn1m6ITfMRqtOd/9+7a3s8RBNOZ3eYZzJA=
golang.org/x/net v0.0.0-20180906233101-161cd47e91fd/go.mod h1:mL1N/T3taQHkDXs73rZJwtUhF3w3ftmwwsq0BUmARs4=
golang.org/x/net v0.0.0-20190311183353-d8887717615a/go.mod h1:t9HGtf8HONx5eT2rtn7q6eTqICYqUVnKs3thJo3Qplg=
golang.org/x/net v0.0.0-20190404232315-eb5bcb51f2a3/go.mod h1:t9HGtf8HONx5eT2rtn7q6eTqICYqUVnKs3thJo3Qplg=
golang.org/x/net v0.0.0-20190620200207-3b0461eec859/go.mod h1:z5CRVTTTmAJ677TzLLGU+0bjPO0LkuOLi4/5GtJWs/s=
golang.org/x/net v0.0.0-20191101175033-0deb6923b6d9 h1:DPz9iiH3YoKiKhX/ijjoZvT0VFwK2c6CWYWQ7Zyr8TU=
golang.org/x/net v0.0.0-20191101175033-0deb6923b6d9/go.mod h1:z5CRVTTTmAJ677TzLLGU+0bjPO0LkuOLi4/5GtJWs/s=
golang.org/x/sync v0.0.0-20180314180146-1d60e4601c6f/go.mod h1:RxMgew5VJxzue5/jJTE5uejpjVlOe/izrB70Jof72aM=
golang.org/x/sync v0.0.0-20190423024810-112230192c58/go.mod h1:RxMgew5VJxzue5/jJTE5uejpjVlOe/izrB70Jof72aM=
golang.org/x/sync v0.0.0-20190911185100-cd5d95a43a6e/go.mod h1:RxMgew5VJxzue5/jJTE5uejpjVlOe/izrB70Jof72aM=
golang.org/x/sys v0.0.0-20180909124046-d0be0721c37e/go.mod h1:STP8DvDyc/dI5b8T5hshtkjS+E42TnysNCUPdjciGhY=
golang.org/x/sys v0.0.0-20190215142949-d0b11bdaac8a/go.mod h1:STP8DvDyc/dI5b8T5hshtkjS+E42TnysNCUPdjciGhY=
golang.org/x/sys v0.0.0-20190412213103-97732733099d/go.mod h1:h1NjWce9XRLGQEsW7wpKNCjG9DtNlClVuFLEZdDNbEs=
golang.org/x/sys v0.0.0-20191029155521-f43be2a4598c/go.mod h1:h1NjWce9XRLGQEsW7wpKNCjG9DtNlClVuFLEZdDNbEs=
golang.org/x/sys v0.0.0-20191104094858-e8c54fb511f6/go.mod h1:h1NjWce9XRLGQEsW7wpKNCjG9DtNlClVuFLEZdDNbEs=
golang.org/x/text v0.3.0 h1:g61tztE5qeGQ89tm6NTjjM9VPIm088od1l6aSorWRWg=
golang.org/x/text v0.3.0/go.mod h1:NqM8EUOU14njkJ3fqMW+pc6Ldnwhi/IjpwHt7yyuwOQ=
golang.org/x/text v0.3.2/go.mod h1:bEr9sfX3Q8Zfm5fL9x+3itogRgK3+ptLWKqgva+5dAk=
golang.org/x/tools v0.0.0-20180917221912-90fa682c2a6e/go.mod h1:n7NCudcB/nEzxVGmLbDWY5pfWTLqBcC2KZ6jyYvM4mQ=
golang.org/x/tools v0.0.0-20181201035826-d0ca3933b724/go.mod h1:n7NCudcB/nEzxVGmLbDWY5pfWTLqBcC2KZ6jyYvM4mQ=
golang.org/x/tools v0.0.0-20190425150028-36563e24a262/go.mod h1:RgjU9mgBXZiqYHBnxXauZ1Gv1EHHAz9KjViQ78xBX0Q=
golang.org/x/tools v0.0.0-20191101200257-8dbcdeb83d3f h1:+QO45yvqhfD79HVNFPAgvstYLFye8zA+rd0mHFsGV9s=
golang.org/x/tools v0.0.0-20191101200257-8dbcdeb83d3f/go.mod h1:b+2E5dAYhXwXZwtnZ6UAqBI28+e2cm9otk0dWdXHAEo=
golang.org/x/xerrors v0.0.0-20190717185122-a985d3407aa7/go.mod h1:I/5z698sn9Ka8TeJc9MKroUUfqBBauWjQqLJ2OPfmY0=
golang.org/x/xerrors v0.0.0-20191011141410-1b5146add898/go.mod h1:I/5z698sn9Ka8TeJc9MKroUUfqBBauWjQqLJ2OPfmY0=
gopkg.in/check.v1 v0.0.0-20161208181325-20d25e280405/go.mod h1:Co6ibVJAznAaIkqp8huTwlJQCZ016jof/cbN4VW5Yz0=
gopkg.in/check.v1 v1.0.0-20190902080502-41f04d3bba15/go.mod h1:Co6ibVJAznAaIkqp8huTwlJQCZ016jof/cbN4VW5Yz0=
gopkg.in/fsnotify.v1 v1.4.7/go.mod h1:Tz8NjZHkW78fSQdbUxIjBTcgA1z1m8ZHf0WmKUhAMys=
gopkg.in/tomb.v1 v1.0.0-20141024135613-dd632973f1e7/go.mod h1:dt/ZhP58zS4L8KSrWDmTeBkI65Dw0HsyUHuEVlX15mw=
gopkg.in/yaml.v2 v2.2.1 h1:mUhvW9EsL+naU5Q3cakzfE91YhliOondGd6ZrsDBHQE=
gopkg.in/yaml.v2 v2.2.1/go.mod h1:hI93XBmqTisBFMUTm0b8Fm+jr3Dg1NNxqwp+5A1VGuI=
gopkg.in/yaml.v2 v2.2.4/go.mod h1:hI93XBmqTisBFMUTm0b8Fm+jr3Dg1NNxqwp+5A1VGuI=
